
Microsoft Visual Studio Solution File, Format Version 12.00
# Visual Studio 2013
VisualStudioVersion = 12.0.21005.1
MinimumVisualStudioVersion = 10.0.40219.1
Project("{FAE04EC0-301F-11D3-BF4B-00C04F79EFBC}") = "MyFirstWebAPI", "MyFirstWebAPI\MyFirstWebAPI.csproj", "{918D7B0B-BB80-4035-8DF4-088247225D68}"
EndProject
Project("{FAE04EC0-301F-11D3-BF4B-00C04F79EFBC}") = "MyFirstWebAPI.Tests", "MyFirstWebAPI.Tests\MyFirstWebAPI.Tests.csproj", "{B143A932-2C2A-4619-A229-844C65C614F6}"
EndProject
Project("{2150E333-8FDC-42A3-9474-1A3956D46DE8}") = ".nuget", ".nuget", "{87195AC7-5DB3-42DB-BE25-4110608CC3A6}"
	ProjectSection(SolutionItems) = preProject
		..\..\DIwithUnitySample\.nuget\NuGet.Config = ..\..\DIwithUnitySample\.nuget\NuGet.Config
		..\..\DIwithUnitySample\.nuget\NuGet.targets = ..\..\DIwithUnitySample\.nuget\NuGet.targets
	EndProjectSection
EndProject
Project("{FAE04EC0-301F-11D3-BF4B-00C04F79EFBC}") = "ConsoleProgram", "ConsoleProgram\ConsoleProgram.csproj", "{CAD42991-6690-4017-A3B5-ACD64F8C2364}"
EndProject
Global
	GlobalSection(SolutionConfigurationPlatforms) = preSolution
		Debug|Any CPU = Debug|Any CPU
		Release|Any CPU = Release|Any CPU
	EndGlobalSection
	GlobalSection(ProjectConfigurationPlatforms) = postSolution
		{918D7B0B-BB80-4035-8DF4-088247225D68}.Debug|Any CPU.ActiveCfg = Debug|Any CPU
		{918D7B0B-BB80-4035-8DF4-088247225D68}.Debug|Any CPU.Build.0 = Debug|Any CPU
		{918D7B0B-BB80-4035-8DF4-088247225D68}.Release|Any CPU.ActiveCfg = Release|Any CPU
		{918D7B0B-BB80-4035-8DF4-088247225D68}.Release|Any CPU.Build.0 = Release|Any CPU
		{B143A932-2C2A-4619-A229-844C65C614F6}.Debug|Any CPU.ActiveCfg = Debug|Any CPU
		{B143A932-2C2A-4619-A229-844C65C614F6}.Debug|Any CPU.Build.0 = Debug|Any CPU
		{B143A932-2C2A-4619-A229-844C65C614F6}.Release|Any CPU.ActiveCfg = Release|Any CPU
		{B143A932-2C2A-4619-A229-844C65C614F6}.Release|Any CPU.Build.0 = Release|Any CPU
		{CAD42991-6690-4017-A3B5-ACD64F8C2364}.Debug|Any CPU.ActiveCfg = Debug|Any CPU
		{CAD42991-6690-4017-A3B5-ACD64F8C2364}.Debug|Any CPU.Build.0 = Debug|Any CPU
		{CAD42991-6690-4017-A3B5-ACD64F8C2364}.Release|Any CPU.ActiveCfg = Release|Any CPU
		{CAD42991-6690-4017-A3B5-ACD64F8C2364}.Release|Any CPU.Build.0 = Release|Any CPU
	EndGlobalSection
	GlobalSection(SolutionProperties) = preSolution
		HideSolutionNode = FALSE
	EndGlobalSection
	GlobalSection(ExtensibilityGlobals) = postSolution
		EnterpriseLibraryConfigurationToolBinariesPathV6 = packages\EnterpriseLibrary.Common.6.0.1304.0\lib\NET45;packages\EnterpriseLibrary.Logging.6.0.1304.0\lib\NET45;packages\EnterpriseLibrary.PolicyInjection.6.0.1304.0\lib\NET45
	EndGlobalSection
EndGlobal
